
Microsoft Visual Studio Solution File, Format Version 12.00
# Visual Studio Version 17
VisualStudioVersion = 17.6.33815.320
MinimumVisualStudioVersion = 10.0.40219.1
Project("{8BC9CEB8-8B4A-11D0-8D11-00A0C91BC942}") = "Sandbox", "Sandbox\Sandbox.vcxproj", "{62471F80-5729-473D-B5A8-1C293B16AAB8}"
EndProject
Project("{8BC9CEB8-8B4A-11D0-8D11-00A0C91BC942}") = "Haxe", "Haxe\Haxe.vcxproj", "{02167E6E-1F22-40D1-9099-AFC607CD5E77}"
EndProject
Global
	GlobalSection(SolutionConfigurationPlatforms) = preSolution
		Debug|x64 = Debug|x64
		Release|x64 = Release|x64
	EndGlobalSection
	GlobalSection(ProjectConfigurationPlatforms) = postSolution
		{62471F80-5729-473D-B5A8-1C293B16AAB8}.Debug|x64.ActiveCfg = Debug|x64
		{62471F80-5729-473D-B5A8-1C293B16AAB8}.Debug|x64.Build.0 = Debug|x64
		{62471F80-5729-473D-B5A8-1C293B16AAB8}.Release|x64.ActiveCfg = Release|x64
		{62471F80-5729-473D-B5A8-1C293B16AAB8}.Release|x64.Build.0 = Release|x64
		{02167E6E-1F22-40D1-9099-AFC607CD5E77}.Debug|x64.ActiveCfg = Debug|x64
		{02167E6E-1F22-40D1-9099-AFC607CD5E77}.Debug|x64.Build.0 = Debug|x64
		{02167E6E-1F22-40D1-9099-AFC607CD5E77}.Release|x64.ActiveCfg = Release|x64
		{02167E6E-1F22-40D1-9099-AFC607CD5E77}.Release|x64.Build.0 = Release|x64
	EndGlobalSection
	GlobalSection(SolutionProperties) = preSolution
		HideSolutionNode = FALSE
	EndGlobalSection
	GlobalSection(ExtensibilityGlobals) = postSolution
		SolutionGuid = {AD3D57BF-B0F3-4663-8141-C655BDA66C5F}
	EndGlobalSection
EndGlobal
